
Microsoft Visual Studio Solution File, Format Version 12.00
# Visual Studio Version 17
VisualStudioVersion = 17.0.31903.59
MinimumVisualStudioVersion = 10.0.40219.1
Project("{FAE04EC0-301F-11D3-BF4B-00C04F79EFBC}") = "LoggerLib", "src\LoggerLib\LoggerLib.csproj", "{26851B01-AFC4-402B-9619-EEACFBB09FC7}"
EndProject
Project("{FAE04EC0-301F-11D3-BF4B-00C04F79EFBC}") = "LoggerLibTests", "src\LoggerLibTests\LoggerLibTests.csproj", "{9B84CB80-4084-4362-B6E1-7C273DF8CEDF}"
EndProject
Project("{2150E333-8FDC-42A3-9474-1A3956D46DE8}") = "Solution Items", "Solution Items", "{CB55C26A-574B-453F-98C5-52DB35F6F4F0}"
	ProjectSection(SolutionItems) = preProject
		src\LoggerLib\LoggerLib.nuspec = src\LoggerLib\LoggerLib.nuspec
	EndProjectSection
EndProject
Global
	GlobalSection(SolutionConfigurationPlatforms) = preSolution
		Debug|Any CPU = Debug|Any CPU
		Release|Any CPU = Release|Any CPU
	EndGlobalSection
	GlobalSection(ProjectConfigurationPlatforms) = postSolution
		{26851B01-AFC4-402B-9619-EEACFBB09FC7}.Debug|Any CPU.ActiveCfg = Debug|Any CPU
		{26851B01-AFC4-402B-9619-EEACFBB09FC7}.Debug|Any CPU.Build.0 = Debug|Any CPU
		{26851B01-AFC4-402B-9619-EEACFBB09FC7}.Release|Any CPU.ActiveCfg = Release|Any CPU
		{26851B01-AFC4-402B-9619-EEACFBB09FC7}.Release|Any CPU.Build.0 = Release|Any CPU
		{9B84CB80-4084-4362-B6E1-7C273DF8CEDF}.Debug|Any CPU.ActiveCfg = Debug|Any CPU
		{9B84CB80-4084-4362-B6E1-7C273DF8CEDF}.Debug|Any CPU.Build.0 = Debug|Any CPU
		{9B84CB80-4084-4362-B6E1-7C273DF8CEDF}.Release|Any CPU.ActiveCfg = Release|Any CPU
		{9B84CB80-4084-4362-B6E1-7C273DF8CEDF}.Release|Any CPU.Build.0 = Release|Any CPU
	EndGlobalSection
	GlobalSection(SolutionProperties) = preSolution
		HideSolutionNode = FALSE
	EndGlobalSection
	GlobalSection(ExtensibilityGlobals) = postSolution
		SolutionGuid = {DCB872AE-8F0C-4515-B1AC-9ABE9736E1A6}
	EndGlobalSection
EndGlobal
